// !$*UTF8*$!
{
	archiveVersion = 1;
	classes = {
	};
	objectVersion = 50;
	objects = {

/* Begin PBXBuildFile section */
		4B2E662923F32BD400CDC484 /* AppDelegate.swift in Sources */ = {isa = PBXBuildFile; fileRef = 4B2E662823F32BD400CDC484 /* AppDelegate.swift */; };
		4B2E662B23F32BD400CDC484 /* SceneDelegate.swift in Sources */ = {isa = PBXBuildFile; fileRef = 4B2E662A23F32BD400CDC484 /* SceneDelegate.swift */; };
		4B2E662D23F32BD400CDC484 /* ViewController.swift in Sources */ = {isa = PBXBuildFile; fileRef = 4B2E662C23F32BD400CDC484 /* ViewController.swift */; };
		4B2E663023F32BD500CDC484 /* Main.storyboard in Resources */ = {isa = PBXBuildFile; fileRef = 4B2E662E23F32BD500CDC484 /* Main.storyboard */; };
		4B2E663223F32BE300CDC484 /* Assets.xcassets in Resources */ = {isa = PBXBuildFile; fileRef = 4B2E663123F32BE300CDC484 /* Assets.xcassets */; };
		4B2E663523F32BE300CDC484 /* LaunchScreen.storyboard in Resources */ = {isa = PBXBuildFile; fileRef = 4B2E663323F32BE300CDC484 /* LaunchScreen.storyboard */; };
		4B2E664023F32BE300CDC484 /* Gutenberg_ProjectTests.swift in Sources */ = {isa = PBXBuildFile; fileRef = 4B2E663F23F32BE300CDC484 /* Gutenberg_ProjectTests.swift */; };
		4B2E664B23F32BE300CDC484 /* Gutenberg_ProjectUITests.swift in Sources */ = {isa = PBXBuildFile; fileRef = 4B2E664A23F32BE300CDC484 /* Gutenberg_ProjectUITests.swift */; };
		4B44D07224738AFC00F7FFF5 /* Books.swift in Sources */ = {isa = PBXBuildFile; fileRef = 4B44D07124738AFC00F7FFF5 /* Books.swift */; };
		4B44D07424738BE400F7FFF5 /* BookManager.swift in Sources */ = {isa = PBXBuildFile; fileRef = 4B44D07324738BE400F7FFF5 /* BookManager.swift */; };
		4B44D07624738DA300F7FFF5 /* BookModel.swift in Sources */ = {isa = PBXBuildFile; fileRef = 4B44D07524738DA300F7FFF5 /* BookModel.swift */; };
		4B44D0782473C5D200F7FFF5 /* BookMangerDelegate.swift in Sources */ = {isa = PBXBuildFile; fileRef = 4B44D0772473C5D200F7FFF5 /* BookMangerDelegate.swift */; };
		4B61C79123F685C8006D4869 /* CollectionViewController.swift in Sources */ = {isa = PBXBuildFile; fileRef = 4B61C79023F685C8006D4869 /* CollectionViewController.swift */; };
		4B61C79423F6877E006D4869 /* CollectionViewCell.swift in Sources */ = {isa = PBXBuildFile; fileRef = 4B61C79223F6877E006D4869 /* CollectionViewCell.swift */; };
		4B61C79523F6877E006D4869 /* CollectionViewCell.xib in Resources */ = {isa = PBXBuildFile; fileRef = 4B61C79323F6877E006D4869 /* CollectionViewCell.xib */; };
		4B61C79723F68BEC006D4869 /* Constants.swift in Sources */ = {isa = PBXBuildFile; fileRef = 4B61C79623F68BEC006D4869 /* Constants.swift */; };
		4BB8839F23F3421E003B1D52 /* Montserrat-Medium.ttf in Resources */ = {isa = PBXBuildFile; fileRef = 4BB8839B23F3421E003B1D52 /* Montserrat-Medium.ttf */; };
		4BB883A023F3421E003B1D52 /* Montserrat-Bold.ttf in Resources */ = {isa = PBXBuildFile; fileRef = 4BB8839C23F3421E003B1D52 /* Montserrat-Bold.ttf */; };
		4BB883A123F3421E003B1D52 /* Montserrat-Regular.ttf in Resources */ = {isa = PBXBuildFile; fileRef = 4BB8839D23F3421E003B1D52 /* Montserrat-Regular.ttf */; };
		4BB883A223F3421E003B1D52 /* Montserrat-SemiBold.ttf in Resources */ = {isa = PBXBuildFile; fileRef = 4BB8839E23F3421E003B1D52 /* Montserrat-SemiBold.ttf */; };
		4BB883A423F34A96003B1D52 /* CustomButton.swift in Sources */ = {isa = PBXBuildFile; fileRef = 4BB883A323F34A96003B1D52 /* CustomButton.swift */; };
/* End PBXBuildFile section */

/* Begin PBXContainerItemProxy section */
		4B2E663C23F32BE300CDC484 /* PBXContainerItemProxy */ = {
			isa = PBXContainerItemProxy;
			containerPortal = 4B2E661D23F32BD400CDC484 /* Project object */;
			proxyType = 1;
			remoteGlobalIDString = 4B2E662423F32BD400CDC484;
			remoteInfo = "Gutenberg Project";
		};
		4B2E664723F32BE300CDC484 /* PBXContainerItemProxy */ = {
			isa = PBXContainerItemProxy;
			containerPortal = 4B2E661D23F32BD400CDC484 /* Project object */;
			proxyType = 1;
			remoteGlobalIDString = 4B2E662423F32BD400CDC484;
			remoteInfo = "Gutenberg Project";
		};
/* End PBXContainerItemProxy section */

/* Begin PBXFileReference section */
		4B2E662523F32BD400CDC484 /* Gutenberg Project.app */ = {isa = PBXFileReference; explicitFileType = wrapper.application; includeInIndex = 0; path = "Gutenberg Project.app"; sourceTree = BUILT_PRODUCTS_DIR; };
		4B2E662823F32BD400CDC484 /* AppDelegate.swift */ = {isa = PBXFileReference; lastKnownFileType = sourcecode.swift; path = AppDelegate.swift; sourceTree = "<group>"; };
		4B2E662A23F32BD400CDC484 /* SceneDelegate.swift */ = {isa = PBXFileReference; lastKnownFileType = sourcecode.swift; path = SceneDelegate.swift; sourceTree = "<group>"; };
		4B2E662C23F32BD400CDC484 /* ViewController.swift */ = {isa = PBXFileReference; lastKnownFileType = sourcecode.swift; path = ViewController.swift; sourceTree = "<group>"; };
		4B2E662F23F32BD500CDC484 /* Base */ = {isa = PBXFileReference; lastKnownFileType = file.storyboard; name = Base; path = Base.lproj/Main.storyboard; sourceTree = "<group>"; };
		4B2E663123F32BE300CDC484 /* Assets.xcassets */ = {isa = PBXFileReference; lastKnownFileType = folder.assetcatalog; path = Assets.xcassets; sourceTree = "<group>"; };
		4B2E663423F32BE300CDC484 /* Base */ = {isa = PBXFileReference; lastKnownFileType = file.storyboard; name = Base; path = Base.lproj/LaunchScreen.storyboard; sourceTree = "<group>"; };
		4B2E663623F32BE300CDC484 /* Info.plist */ = {isa = PBXFileReference; lastKnownFileType = text.plist.xml; path = Info.plist; sourceTree = "<group>"; };
		4B2E663B23F32BE300CDC484 /* Gutenberg ProjectTests.xctest */ = {isa = PBXFileReference; explicitFileType = wrapper.cfbundle; includeInIndex = 0; path = "Gutenberg ProjectTests.xctest"; sourceTree = BUILT_PRODUCTS_DIR; };
		4B2E663F23F32BE300CDC484 /* Gutenberg_ProjectTests.swift */ = {isa = PBXFileReference; lastKnownFileType = sourcecode.swift; path = Gutenberg_ProjectTests.swift; sourceTree = "<group>"; };
		4B2E664123F32BE300CDC484 /* Info.plist */ = {isa = PBXFileReference; lastKnownFileType = text.plist.xml; path = Info.plist; sourceTree = "<group>"; };
		4B2E664623F32BE300CDC484 /* Gutenberg ProjectUITests.xctest */ = {isa = PBXFileReference; explicitFileType = wrapper.cfbundle; includeInIndex = 0; path = "Gutenberg ProjectUITests.xctest"; sourceTree = BUILT_PRODUCTS_DIR; };
		4B2E664A23F32BE300CDC484 /* Gutenberg_ProjectUITests.swift */ = {isa = PBXFileReference; lastKnownFileType = sourcecode.swift; path = Gutenberg_ProjectUITests.swift; sourceTree = "<group>"; };
		4B2E664C23F32BE300CDC484 /* Info.plist */ = {isa = PBXFileReference; lastKnownFileType = text.plist.xml; path = Info.plist; sourceTree = "<group>"; };
		4B44D07124738AFC00F7FFF5 /* Books.swift */ = {isa = PBXFileReference; lastKnownFileType = sourcecode.swift; path = Books.swift; sourceTree = "<group>"; };
		4B44D07324738BE400F7FFF5 /* BookManager.swift */ = {isa = PBXFileReference; lastKnownFileType = sourcecode.swift; path = BookManager.swift; sourceTree = "<group>"; };
		4B44D07524738DA300F7FFF5 /* BookModel.swift */ = {isa = PBXFileReference; lastKnownFileType = sourcecode.swift; path = BookModel.swift; sourceTree = "<group>"; };
		4B44D0772473C5D200F7FFF5 /* BookMangerDelegate.swift */ = {isa = PBXFileReference; lastKnownFileType = sourcecode.swift; path = BookMangerDelegate.swift; sourceTree = "<group>"; };
		4B61C79023F685C8006D4869 /* CollectionViewController.swift */ = {isa = PBXFileReference; lastKnownFileType = sourcecode.swift; path = CollectionViewController.swift; sourceTree = "<group>"; };
		4B61C79223F6877E006D4869 /* CollectionViewCell.swift */ = {isa = PBXFileReference; lastKnownFileType = sourcecode.swift; path = CollectionViewCell.swift; sourceTree = "<group>"; };
		4B61C79323F6877E006D4869 /* CollectionViewCell.xib */ = {isa = PBXFileReference; lastKnownFileType = file.xib; path = CollectionViewCell.xib; sourceTree = "<group>"; };
		4B61C79623F68BEC006D4869 /* Constants.swift */ = {isa = PBXFileReference; lastKnownFileType = sourcecode.swift; path = Constants.swift; sourceTree = "<group>"; };
		4BB8839B23F3421E003B1D52 /* Montserrat-Medium.ttf */ = {isa = PBXFileReference; lastKnownFileType = file; path = "Montserrat-Medium.ttf"; sourceTree = "<group>"; };
		4BB8839C23F3421E003B1D52 /* Montserrat-Bold.ttf */ = {isa = PBXFileReference; lastKnownFileType = file; path = "Montserrat-Bold.ttf"; sourceTree = "<group>"; };
		4BB8839D23F3421E003B1D52 /* Montserrat-Regular.ttf */ = {isa = PBXFileReference; lastKnownFileType = file; path = "Montserrat-Regular.ttf"; sourceTree = "<group>"; };
		4BB8839E23F3421E003B1D52 /* Montserrat-SemiBold.ttf */ = {isa = PBXFileReference; lastKnownFileType = file; path = "Montserrat-SemiBold.ttf"; sourceTree = "<group>"; };
		4BB883A323F34A96003B1D52 /* CustomButton.swift */ = {isa = PBXFileReference; lastKnownFileType = sourcecode.swift; path = CustomButton.swift; sourceTree = "<group>"; };
/* End PBXFileReference section */

/* Begin PBXFrameworksBuildPhase section */
		4B2E662223F32BD400CDC484 /* Frameworks */ = {
			isa = PBXFrameworksBuildPhase;
			buildActionMask = 2147483647;
			files = (
			);
			runOnlyForDeploymentPostprocessing = 0;
		};
		4B2E663823F32BE300CDC484 /* Frameworks */ = {
			isa = PBXFrameworksBuildPhase;
			buildActionMask = 2147483647;
			files = (
			);
			runOnlyForDeploymentPostprocessing = 0;
		};
		4B2E664323F32BE300CDC484 /* Frameworks */ = {
			isa = PBXFrameworksBuildPhase;
			buildActionMask = 2147483647;
			files = (
			);
			runOnlyForDeploymentPostprocessing = 0;
		};
/* End PBXFrameworksBuildPhase section */

/* Begin PBXGroup section */
		4B2E661C23F32BD400CDC484 = {
			isa = PBXGroup;
			children = (
				4B2E662723F32BD400CDC484 /* Gutenberg Project */,
				4B2E663E23F32BE300CDC484 /* Gutenberg ProjectTests */,
				4B2E664923F32BE300CDC484 /* Gutenberg ProjectUITests */,
				4B2E662623F32BD400CDC484 /* Products */,
			);
			sourceTree = "<group>";
		};
		4B2E662623F32BD400CDC484 /* Products */ = {
			isa = PBXGroup;
			children = (
				4B2E662523F32BD400CDC484 /* Gutenberg Project.app */,
				4B2E663B23F32BE300CDC484 /* Gutenberg ProjectTests.xctest */,
				4B2E664623F32BE300CDC484 /* Gutenberg ProjectUITests.xctest */,
			);
			name = Products;
			sourceTree = "<group>";
		};
		4B2E662723F32BD400CDC484 /* Gutenberg Project */ = {
			isa = PBXGroup;
			children = (
				4B44D07024738AD000F7FFF5 /* Model */,
				4B44D079247457C800F7FFF5 /* Helper */,
				4B44D06F2473888100F7FFF5 /* Controller */,
				4B44D06E2473886B00F7FFF5 /* View */,
				4B2E663123F32BE300CDC484 /* Assets.xcassets */,
				4B2E663623F32BE300CDC484 /* Info.plist */,
			);
			path = "Gutenberg Project";
			sourceTree = "<group>";
		};
		4B2E663E23F32BE300CDC484 /* Gutenberg ProjectTests */ = {
			isa = PBXGroup;
			children = (
				4B2E663F23F32BE300CDC484 /* Gutenberg_ProjectTests.swift */,
				4B2E664123F32BE300CDC484 /* Info.plist */,
			);
			path = "Gutenberg ProjectTests";
			sourceTree = "<group>";
		};
		4B2E664923F32BE300CDC484 /* Gutenberg ProjectUITests */ = {
			isa = PBXGroup;
			children = (
				4B2E664A23F32BE300CDC484 /* Gutenberg_ProjectUITests.swift */,
				4B2E664C23F32BE300CDC484 /* Info.plist */,
			);
			path = "Gutenberg ProjectUITests";
			sourceTree = "<group>";
		};
		4B44D06E2473886B00F7FFF5 /* View */ = {
			isa = PBXGroup;
			children = (
				4B2E663323F32BE300CDC484 /* LaunchScreen.storyboard */,
				4B2E662E23F32BD500CDC484 /* Main.storyboard */,
				4B61C79323F6877E006D4869 /* CollectionViewCell.xib */,
			);
			path = View;
			sourceTree = "<group>";
		};
		4B44D06F2473888100F7FFF5 /* Controller */ = {
			isa = PBXGroup;
			children = (
				4B2E662C23F32BD400CDC484 /* ViewController.swift */,
				4B61C79023F685C8006D4869 /* CollectionViewController.swift */,
			);
			path = Controller;
			sourceTree = "<group>";
		};
		4B44D07024738AD000F7FFF5 /* Model */ = {
			isa = PBXGroup;
			children = (
				4B44D07124738AFC00F7FFF5 /* Books.swift */,
				4B44D07324738BE400F7FFF5 /* BookManager.swift */,
				4B44D07524738DA300F7FFF5 /* BookModel.swift */,
				4B44D0772473C5D200F7FFF5 /* BookMangerDelegate.swift */,
			);
			path = Model;
			sourceTree = "<group>";
		};
		4B44D079247457C800F7FFF5 /* Helper */ = {
			isa = PBXGroup;
			children = (
				4BB883A323F34A96003B1D52 /* CustomButton.swift */,
				4B61C79223F6877E006D4869 /* CollectionViewCell.swift */,
				4B61C79623F68BEC006D4869 /* Constants.swift */,
				4BB8839C23F3421E003B1D52 /* Montserrat-Bold.ttf */,
				4BB8839B23F3421E003B1D52 /* Montserrat-Medium.ttf */,
				4BB8839D23F3421E003B1D52 /* Montserrat-Regular.ttf */,
				4BB8839E23F3421E003B1D52 /* Montserrat-SemiBold.ttf */,
				4B2E662823F32BD400CDC484 /* AppDelegate.swift */,
				4B2E662A23F32BD400CDC484 /* SceneDelegate.swift */,
			);
			path = Helper;
			sourceTree = "<group>";
		};
/* End PBXGroup section */

/* Begin PBXNativeTarget section */
		4B2E662423F32BD400CDC484 /* Gutenberg Project */ = {
			isa = PBXNativeTarget;
			buildConfigurationList = 4B2E664F23F32BE400CDC484 /* Build configuration list for PBXNativeTarget "Gutenberg Project" */;
			buildPhases = (
				4B2E662123F32BD400CDC484 /* Sources */,
				4B2E662223F32BD400CDC484 /* Frameworks */,
				4B2E662323F32BD400CDC484 /* Resources */,
			);
			buildRules = (
			);
			dependencies = (
			);
			name = "Gutenberg Project";
			productName = "Gutenberg Project";
			productReference = 4B2E662523F32BD400CDC484 /* Gutenberg Project.app */;
			productType = "com.apple.product-type.application";
		};
		4B2E663A23F32BE300CDC484 /* Gutenberg ProjectTests */ = {
			isa = PBXNativeTarget;
			buildConfigurationList = 4B2E665223F32BE400CDC484 /* Build configuration list for PBXNativeTarget "Gutenberg ProjectTests" */;
			buildPhases = (
				4B2E663723F32BE300CDC484 /* Sources */,
				4B2E663823F32BE300CDC484 /* Frameworks */,
				4B2E663923F32BE300CDC484 /* Resources */,
			);
			buildRules = (
			);
			dependencies = (
				4B2E663D23F32BE300CDC484 /* PBXTargetDependency */,
			);
			name = "Gutenberg ProjectTests";
			productName = "Gutenberg ProjectTests";
			productReference = 4B2E663B23F32BE300CDC484 /* Gutenberg ProjectTests.xctest */;
			productType = "com.apple.product-type.bundle.unit-test";
		};
		4B2E664523F32BE300CDC484 /* Gutenberg ProjectUITests */ = {
			isa = PBXNativeTarget;
			buildConfigurationList = 4B2E665523F32BE400CDC484 /* Build configuration list for PBXNativeTarget "Gutenberg ProjectUITests" */;
			buildPhases = (
				4B2E664223F32BE300CDC484 /* Sources */,
				4B2E664323F32BE300CDC484 /* Frameworks */,
				4B2E664423F32BE300CDC484 /* Resources */,
			);
			buildRules = (
			);
			dependencies = (
				4B2E664823F32BE300CDC484 /* PBXTargetDependency */,
			);
			name = "Gutenberg ProjectUITests";
			productName = "Gutenberg ProjectUITests";
			productReference = 4B2E664623F32BE300CDC484 /* Gutenberg ProjectUITests.xctest */;
			productType = "com.apple.product-type.bundle.ui-testing";
		};
/* End PBXNativeTarget section */

/* Begin PBXProject section */
		4B2E661D23F32BD400CDC484 /* Project object */ = {
			isa = PBXProject;
			attributes = {
				LastSwiftUpdateCheck = 1130;
				LastUpgradeCheck = 1130;
				ORGANIZATIONNAME = "Anshu Vij";
				TargetAttributes = {
					4B2E662423F32BD400CDC484 = {
						CreatedOnToolsVersion = 11.3.1;
					};
					4B2E663A23F32BE300CDC484 = {
						CreatedOnToolsVersion = 11.3.1;
						TestTargetID = 4B2E662423F32BD400CDC484;
					};
					4B2E664523F32BE300CDC484 = {
						CreatedOnToolsVersion = 11.3.1;
						TestTargetID = 4B2E662423F32BD400CDC484;
					};
				};
			};
			buildConfigurationList = 4B2E662023F32BD400CDC484 /* Build configuration list for PBXProject "Gutenberg Project" */;
			compatibilityVersion = "Xcode 9.3";
			developmentRegion = en;
			hasScannedForEncodings = 0;
			knownRegions = (
				en,
				Base,
			);
			mainGroup = 4B2E661C23F32BD400CDC484;
			productRefGroup = 4B2E662623F32BD400CDC484 /* Products */;
			projectDirPath = "";
			projectRoot = "";
			targets = (
				4B2E662423F32BD400CDC484 /* Gutenberg Project */,
				4B2E663A23F32BE300CDC484 /* Gutenberg ProjectTests */,
				4B2E664523F32BE300CDC484 /* Gutenberg ProjectUITests */,
			);
		};
/* End PBXProject section */

/* Begin PBXResourcesBuildPhase section */
		4B2E662323F32BD400CDC484 /* Resources */ = {
			isa = PBXResourcesBuildPhase;
			buildActionMask = 2147483647;
			files = (
				4BB883A123F3421E003B1D52 /* Montserrat-Regular.ttf in Resources */,
				4BB883A023F3421E003B1D52 /* Montserrat-Bold.ttf in Resources */,
				4B2E663523F32BE300CDC484 /* LaunchScreen.storyboard in Resources */,
				4BB883A223F3421E003B1D52 /* Montserrat-SemiBold.ttf in Resources */,
				4B2E663223F32BE300CDC484 /* Assets.xcassets in Resources */,
				4BB8839F23F3421E003B1D52 /* Montserrat-Medium.ttf in Resources */,
				4B61C79523F6877E006D4869 /* CollectionViewCell.xib in Resources */,
				4B2E663023F32BD500CDC484 /* Main.storyboard in Resources */,
			);
			runOnlyForDeploymentPostprocessing = 0;
		};
		4B2E663923F32BE300CDC484 /* Resources */ = {
			isa = PBXResourcesBuildPhase;
			buildActionMask = 2147483647;
			files = (
			);
			runOnlyForDeploymentPostprocessing = 0;
		};
		4B2E664423F32BE300CDC484 /* Resources */ = {
			isa = PBXResourcesBuildPhase;
			buildActionMask = 2147483647;
			files = (
			);
			runOnlyForDeploymentPostprocessing = 0;
		};
/* End PBXResourcesBuildPhase section */

/* Begin PBXSourcesBuildPhase section */
		4B2E662123F32BD400CDC484 /* Sources */ = {
			isa = PBXSourcesBuildPhase;
			buildActionMask = 2147483647;
			files = (
				4B44D0782473C5D200F7FFF5 /* BookMangerDelegate.swift in Sources */,
				4B44D07624738DA300F7FFF5 /* BookModel.swift in Sources */,
				4BB883A423F34A96003B1D52 /* CustomButton.swift in Sources */,
				4B2E662D23F32BD400CDC484 /* ViewController.swift in Sources */,
				4B61C79423F6877E006D4869 /* CollectionViewCell.swift in Sources */,
				4B44D07424738BE400F7FFF5 /* BookManager.swift in Sources */,
				4B2E662923F32BD400CDC484 /* AppDelegate.swift in Sources */,
				4B44D07224738AFC00F7FFF5 /* Books.swift in Sources */,
				4B61C79723F68BEC006D4869 /* Constants.swift in Sources */,
				4B2E662B23F32BD400CDC484 /* SceneDelegate.swift in Sources */,
				4B61C79123F685C8006D4869 /* CollectionViewController.swift in Sources */,
			);
			runOnlyForDeploymentPostprocessing = 0;
		};
		4B2E663723F32BE300CDC484 /* Sources */ = {
			isa = PBXSourcesBuildPhase;
			buildActionMask = 2147483647;
			files = (
				4B2E664023F32BE300CDC484 /* Gutenberg_ProjectTests.swift in Sources */,
			);
			runOnlyForDeploymentPostprocessing = 0;
		};
		4B2E664223F32BE300CDC484 /* Sources */ = {
			isa = PBXSourcesBuildPhase;
			buildActionMask = 2147483647;
			files = (
				4B2E664B23F32BE300CDC484 /* Gutenberg_ProjectUITests.swift in Sources */,
			);
			runOnlyForDeploymentPostprocessing = 0;
		};
/* End PBXSourcesBuildPhase section */

/* Begin PBXTargetDependency section */
		4B2E663D23F32BE300CDC484 /* PBXTargetDependency */ = {
			isa = PBXTargetDependency;
			target = 4B2E662423F32BD400CDC484 /* Gutenberg Project */;
			targetProxy = 4B2E663C23F32BE300CDC484 /* PBXContainerItemProxy */;
		};
		4B2E664823F32BE300CDC484 /* PBXTargetDependency */ = {
			isa = PBXTargetDependency;
			target = 4B2E662423F32BD400CDC484 /* Gutenberg Project */;
			targetProxy = 4B2E664723F32BE300CDC484 /* PBXContainerItemProxy */;
		};
/* End PBXTargetDependency section */

/* Begin PBXVariantGroup section */
		4B2E662E23F32BD500CDC484 /* Main.storyboard */ = {
			isa = PBXVariantGroup;
			children = (
				4B2E662F23F32BD500CDC484 /* Base */,
			);
			name = Main.storyboard;
			sourceTree = "<group>";
		};
		4B2E663323F32BE300CDC484 /* LaunchScreen.storyboard */ = {
			isa = PBXVariantGroup;
			children = (
				4B2E663423F32BE300CDC484 /* Base */,
			);
			name = LaunchScreen.storyboard;
			sourceTree = "<group>";
		};
/* End PBXVariantGroup section */

/* Begin XCBuildConfiguration section */
		4B2E664D23F32BE300CDC484 /* Debug */ = {
			isa = XCBuildConfiguration;
			buildSettings = {
				ALWAYS_SEARCH_USER_PATHS = NO;
				CLANG_ANALYZER_NONNULL = YES;
				CLANG_ANALYZER_NUMBER_OBJECT_CONVERSION = YES_AGGRESSIVE;
				CLANG_CXX_LANGUAGE_STANDARD = "gnu++14";
				CLANG_CXX_LIBRARY = "libc++";
				CLANG_ENABLE_MODULES = YES;
				CLANG_ENABLE_OBJC_ARC = YES;
				CLANG_ENABLE_OBJC_WEAK = YES;
				CLANG_WARN_BLOCK_CAPTURE_AUTORELEASING = YES;
				CLANG_WARN_BOOL_CONVERSION = YES;
				CLANG_WARN_COMMA = YES;
				CLANG_WARN_CONSTANT_CONVERSION = YES;
				CLANG_WARN_DEPRECATED_OBJC_IMPLEMENTATIONS = YES;
				CLANG_WARN_DIRECT_OBJC_ISA_USAGE = YES_ERROR;
				CLANG_WARN_DOCUMENTATION_COMMENTS = YES;
				CLANG_WARN_EMPTY_BODY = YES;
				CLANG_WARN_ENUM_CONVERSION = YES;
				CLANG_WARN_INFINITE_RECURSION = YES;
				CLANG_WARN_INT_CONVERSION = YES;
				CLANG_WARN_NON_LITERAL_NULL_CONVERSION = YES;
				CLANG_WARN_OBJC_IMPLICIT_RETAIN_SELF = YES;
				CLANG_WARN_OBJC_LITERAL_CONVERSION = YES;
				CLANG_WARN_OBJC_ROOT_CLASS = YES_ERROR;
				CLANG_WARN_RANGE_LOOP_ANALYSIS = YES;
				CLANG_WARN_STRICT_PROTOTYPES = YES;
				CLANG_WARN_SUSPICIOUS_MOVE = YES;
				CLANG_WARN_UNGUARDED_AVAILABILITY = YES_AGGRESSIVE;
				CLANG_WARN_UNREACHABLE_CODE = YES;
				CLANG_WARN__DUPLICATE_METHOD_MATCH = YES;
				COPY_PHASE_STRIP = NO;
				DEBUG_INFORMATION_FORMAT = dwarf;
				ENABLE_STRICT_OBJC_MSGSEND = YES;
				ENABLE_TESTABILITY = YES;
				GCC_C_LANGUAGE_STANDARD = gnu11;
				GCC_DYNAMIC_NO_PIC = NO;
				GCC_NO_COMMON_BLOCKS = YES;
				GCC_OPTIMIZATION_LEVEL = 0;
				GCC_PREPROCESSOR_DEFINITIONS = (
					"DEBUG=1",
					"$(inherited)",
				);
				GCC_WARN_64_TO_32_BIT_CONVERSION = YES;
				GCC_WARN_ABOUT_RETURN_TYPE = YES_ERROR;
				GCC_WARN_UNDECLARED_SELECTOR = YES;
				GCC_WARN_UNINITIALIZED_AUTOS = YES_AGGRESSIVE;
				GCC_WARN_UNUSED_FUNCTION = YES;
				GCC_WARN_UNUSED_VARIABLE = YES;
				IPHONEOS_DEPLOYMENT_TARGET = 13.2;
				MTL_ENABLE_DEBUG_INFO = INCLUDE_SOURCE;
				MTL_FAST_MATH = YES;
				ONLY_ACTIVE_ARCH = YES;
				SDKROOT = iphoneos;
				SWIFT_ACTIVE_COMPILATION_CONDITIONS = DEBUG;
				SWIFT_OPTIMIZATION_LEVEL = "-Onone";
			};
			name = Debug;
		};
		4B2E664E23F32BE300CDC484 /* Release */ = {
			isa = XCBuildConfiguration;
			buildSettings = {
				ALWAYS_SEARCH_USER_PATHS = NO;
				CLANG_ANALYZER_NONNULL = YES;
				CLANG_ANALYZER_NUMBER_OBJECT_CONVERSION = YES_AGGRESSIVE;
				CLANG_CXX_LANGUAGE_STANDARD = "gnu++14";
				CLANG_CXX_LIBRARY = "libc++";
				CLANG_ENABLE_MODULES = YES;
				CLANG_ENABLE_OBJC_ARC = YES;
				CLANG_ENABLE_OBJC_WEAK = YES;
				CLANG_WARN_BLOCK_CAPTURE_AUTORELEASING = YES;
				CLANG_WARN_BOOL_CONVERSION = YES;
				CLANG_WARN_COMMA = YES;
				CLANG_WARN_CONSTANT_CONVERSION = YES;
				CLANG_WARN_DEPRECATED_OBJC_IMPLEMENTATIONS = YES;
				CLANG_WARN_DIRECT_OBJC_ISA_USAGE = YES_ERROR;
				CLANG_WARN_DOCUMENTATION_COMMENTS = YES;
				CLANG_WARN_EMPTY_BODY = YES;
				CLANG_WARN_ENUM_CONVERSION = YES;
				CLANG_WARN_INFINITE_RECURSION = YES;
				CLANG_WARN_INT_CONVERSION = YES;
				CLANG_WARN_NON_LITERAL_NULL_CONVERSION = YES;
				CLANG_WARN_OBJC_IMPLICIT_RETAIN_SELF = YES;
				CLANG_WARN_OBJC_LITERAL_CONVERSION = YES;
				CLANG_WARN_OBJC_ROOT_CLASS = YES_ERROR;
				CLANG_WARN_RANGE_LOOP_ANALYSIS = YES;
				CLANG_WARN_STRICT_PROTOTYPES = YES;
				CLANG_WARN_SUSPICIOUS_MOVE = YES;
				CLANG_WARN_UNGUARDED_AVAILABILITY = YES_AGGRESSIVE;
				CLANG_WARN_UNREACHABLE_CODE = YES;
				CLANG_WARN__DUPLICATE_METHOD_MATCH = YES;
				COPY_PHASE_STRIP = NO;
				DEBUG_INFORMATION_FORMAT = "dwarf-with-dsym";
				ENABLE_NS_ASSERTIONS = NO;
				ENABLE_STRICT_OBJC_MSGSEND = YES;
				GCC_C_LANGUAGE_STANDARD = gnu11;
				GCC_NO_COMMON_BLOCKS = YES;
				GCC_WARN_64_TO_32_BIT_CONVERSION = YES;
				GCC_WARN_ABOUT_RETURN_TYPE = YES_ERROR;
				GCC_WARN_UNDECLARED_SELECTOR = YES;
				GCC_WARN_UNINITIALIZED_AUTOS = YES_AGGRESSIVE;
				GCC_WARN_UNUSED_FUNCTION = YES;
				GCC_WARN_UNUSED_VARIABLE = YES;
				IPHONEOS_DEPLOYMENT_TARGET = 13.2;
				MTL_ENABLE_DEBUG_INFO = NO;
				MTL_FAST_MATH = YES;
				SDKROOT = iphoneos;
				SWIFT_COMPILATION_MODE = wholemodule;
				SWIFT_OPTIMIZATION_LEVEL = "-O";
				VALIDATE_PRODUCT = YES;
			};
			name = Release;
		};
		4B2E665023F32BE400CDC484 /* Debug */ = {
			isa = XCBuildConfiguration;
			buildSettings = {
				ASSETCATALOG_COMPILER_APPICON_NAME = AppIcon;
				CODE_SIGN_STYLE = Automatic;
				DEVELOPMENT_TEAM = 6QQ42SSWK6;
				INFOPLIST_FILE = "Gutenberg Project/Info.plist";
				LD_RUNPATH_SEARCH_PATHS = (
					"$(inherited)",
					"@executable_path/Frameworks",
				);
				PRODUCT_BUNDLE_IDENTIFIER = "com.anshuvij.Gutenberg-Project";
				PRODUCT_NAME = "$(TARGET_NAME)";
				SWIFT_VERSION = 5.0;
				TARGETED_DEVICE_FAMILY = "1,2";
			};
			name = Debug;
		};
		4B2E665123F32BE400CDC484 /* Release */ = {
			isa = XCBuildConfiguration;
			buildSettings = {
				ASSETCATALOG_COMPILER_APPICON_NAME = AppIcon;
				CODE_SIGN_STYLE = Automatic;
				DEVELOPMENT_TEAM = 6QQ42SSWK6;
				INFOPLIST_FILE = "Gutenberg Project/Info.plist";
				LD_RUNPATH_SEARCH_PATHS = (
					"$(inherited)",
					"@executable_path/Frameworks",
				);
				PRODUCT_BUNDLE_IDENTIFIER = "com.anshuvij.Gutenberg-Project";
				PRODUCT_NAME = "$(TARGET_NAME)";
				SWIFT_VERSION = 5.0;
				TARGETED_DEVICE_FAMILY = "1,2";
			};
			name = Release;
		};
		4B2E665323F32BE400CDC484 /* Debug */ = {
			isa = XCBuildConfiguration;
			buildSettings = {
				ALWAYS_EMBED_SWIFT_STANDARD_LIBRARIES = YES;
				BUNDLE_LOADER = "$(TEST_HOST)";
				CODE_SIGN_STYLE = Automatic;
				DEVELOPMENT_TEAM = 6QQ42SSWK6;
				INFOPLIST_FILE = "Gutenberg ProjectTests/Info.plist";
				IPHONEOS_DEPLOYMENT_TARGET = 13.2;
				LD_RUNPATH_SEARCH_PATHS = (
					"$(inherited)",
					"@executable_path/Frameworks",
					"@loader_path/Frameworks",
				);
				PRODUCT_BUNDLE_IDENTIFIER = "com.anshuvij.Gutenberg-ProjectTests";
				PRODUCT_NAME = "$(TARGET_NAME)";
				SWIFT_VERSION = 5.0;
				TARGETED_DEVICE_FAMILY = "1,2";
				TEST_HOST = "$(BUILT_PRODUCTS_DIR)/Gutenberg Project.app/Gutenberg Project";
			};
			name = Debug;
		};
		4B2E665423F32BE400CDC484 /* Release */ = {
			isa = XCBuildConfiguration;
			buildSettings = {
				ALWAYS_EMBED_SWIFT_STANDARD_LIBRARIES = YES;
				BUNDLE_LOADER = "$(TEST_HOST)";
				CODE_SIGN_STYLE = Automatic;
				DEVELOPMENT_TEAM = 6QQ42SSWK6;
				INFOPLIST_FILE = "Gutenberg ProjectTests/Info.plist";
				IPHONEOS_DEPLOYMENT_TARGET = 13.2;
				LD_RUNPATH_SEARCH_PATHS = (
					"$(inherited)",
					"@executable_path/Frameworks",
					"@loader_path/Frameworks",
				);
				PRODUCT_BUNDLE_IDENTIFIER = "com.anshuvij.Gutenberg-ProjectTests";
				PRODUCT_NAME = "$(TARGET_NAME)";
				SWIFT_VERSION = 5.0;
				TARGETED_DEVICE_FAMILY = "1,2";
				TEST_HOST = "$(BUILT_PRODUCTS_DIR)/Gutenberg Project.app/Gutenberg Project";
			};
			name = Release;
		};
		4B2E665623F32BE400CDC484 /* Debug */ = {
			isa = XCBuildConfiguration;
			buildSettings = {
				ALWAYS_EMBED_SWIFT_STANDARD_LIBRARIES = YES;
				CODE_SIGN_STYLE = Automatic;
				DEVELOPMENT_TEAM = 6QQ42SSWK6;
				INFOPLIST_FILE = "Gutenberg ProjectUITests/Info.plist";
				LD_RUNPATH_SEARCH_PATHS = (
					"$(inherited)",
					"@executable_path/Frameworks",
					"@loader_path/Frameworks",
				);
				PRODUCT_BUNDLE_IDENTIFIER = "com.anshuvij.Gutenberg-ProjectUITests";
				PRODUCT_NAME = "$(TARGET_NAME)";
				SWIFT_VERSION = 5.0;
				TARGETED_DEVICE_FAMILY = "1,2";
				TEST_TARGET_NAME = "Gutenberg Project";
			};
			name = Debug;
		};
		4B2E665723F32BE400CDC484 /* Release */ = {
			isa = XCBuildConfiguration;
			buildSettings = {
				ALWAYS_EMBED_SWIFT_STANDARD_LIBRARIES = YES;
				CODE_SIGN_STYLE = Automatic;
				DEVELOPMENT_TEAM = 6QQ42SSWK6;
				INFOPLIST_FILE = "Gutenberg ProjectUITests/Info.plist";
				LD_RUNPATH_SEARCH_PATHS = (
					"$(inherited)",
					"@executable_path/Frameworks",
					"@loader_path/Frameworks",
				);
				PRODUCT_BUNDLE_IDENTIFIER = "com.anshuvij.Gutenberg-ProjectUITests";
				PRODUCT_NAME = "$(TARGET_NAME)";
				SWIFT_VERSION = 5.0;
				TARGETED_DEVICE_FAMILY = "1,2";
				TEST_TARGET_NAME = "Gutenberg Project";
			};
			name = Release;
		};
/* End XCBuildConfiguration section */

/* Begin XCConfigurationList section */
		4B2E662023F32BD400CDC484 /* Build configuration list for PBXProject "Gutenberg Project" */ = {
			isa = XCConfigurationList;
			buildConfigurations = (
				4B2E664D23F32BE300CDC484 /* Debug */,
				4B2E664E23F32BE300CDC484 /* Release */,
			);
			defaultConfigurationIsVisible = 0;
			defaultConfigurationName = Release;
		};
		4B2E664F23F32BE400CDC484 /* Build configuration list for PBXNativeTarget "Gutenberg Project" */ = {
			isa = XCConfigurationList;
			buildConfigurations = (
				4B2E665023F32BE400CDC484 /* Debug */,
				4B2E665123F32BE400CDC484 /* Release */,
			);
			defaultConfigurationIsVisible = 0;
			defaultConfigurationName = Release;
		};
		4B2E665223F32BE400CDC484 /* Build configuration list for PBXNativeTarget "Gutenberg ProjectTests" */ = {
			isa = XCConfigurationList;
			buildConfigurations = (
				4B2E665323F32BE400CDC484 /* Debug */,
				4B2E665423F32BE400CDC484 /* Release */,
			);
			defaultConfigurationIsVisible = 0;
			defaultConfigurationName = Release;
		};
		4B2E665523F32BE400CDC484 /* Build configuration list for PBXNativeTarget "Gutenberg ProjectUITests" */ = {
			isa = XCConfigurationList;
			buildConfigurations = (
				4B2E665623F32BE400CDC484 /* Debug */,
				4B2E665723F32BE400CDC484 /* Release */,
			);
			defaultConfigurationIsVisible = 0;
			defaultConfigurationName = Release;
		};
/* End XCConfigurationList section */
	};
	rootObject = 4B2E661D23F32BD400CDC484 /* Project object */;
}
